// !$*UTF8*$!
{
	archiveVersion = 1;
	classes = {
	};
	objectVersion = 56;
	objects = {
		{
			isa = PBXBuildFile;
			fileRef = /* AINewsWatchApp.swift */;
		};
		{
			isa = PBXBuildFile;
			fileRef = /* ContentView.swift */;
		};
		{
			isa = PBXBuildFile;
			fileRef = /* NewsCard.swift */;
		};
		{
			isa = PBXBuildFile;
			fileRef = /* NewsMonitor.swift */;
		};
		{
			isa = PBXBuildFile;
			fileRef = /* NewsCollector.swift */;
		};
		{
			isa = PBXBuildFile;
			fileRef = /* SettingsView.swift */;
		};
	};
	rootObject = /* Project object */;
}
