// !$*UTF8*$!
{
	archiveVersion = 1;
	classes = {
	};
	objectVersion = 77;
	objects = {

/* Begin PBXContainerItemProxy section */
		AA2578B02F3EDF5D00B02226 /* PBXContainerItemProxy */ = {
			isa = PBXContainerItemProxy;
			containerPortal = AA25789A2F3EDF5B00B02226 /* Project object */;
			proxyType = 1;
			remoteGlobalIDString = AA2578A12F3EDF5B00B02226;
			remoteInfo = "ai app";
		};
		AA2578BA2F3EDF5D00B02226 /* PBXContainerItemProxy */ = {
			isa = PBXContainerItemProxy;
			containerPortal = AA25789A2F3EDF5B00B02226 /* Project object */;
			proxyType = 1;
			remoteGlobalIDString = AA2578A12F3EDF5B00B02226;
			remoteInfo = "ai app";
		};
/* End PBXContainerItemProxy section */

/* Begin PBXFileReference section */
		AA2578A22F3EDF5B00B02226 /* ai app.app */ = {isa = PBXFileReference; explicitFileType = wrapper.application; includeInIndex = 0; name = "ai app.app"; path = Daily.app; sourceTree = BUILT_PRODUCTS_DIR; };
		AA2578AF2F3EDF5D00B02226 /* ai appTests.xctest */ = {isa = PBXFileReference; explicitFileType = wrapper.cfbundle; includeInIndex = 0; path = "ai appTests.xctest"; sourceTree = BUILT_PRODUCTS_DIR; };
		AA2578B92F3EDF5D00B02226 /* ai appUITests.xctest */ = {isa = PBXFileReference; explicitFileType = wrapper.cfbundle; includeInIndex = 0; path = "ai appUITests.xctest"; sourceTree = BUILT_PRODUCTS_DIR; };
/* End PBXFileReference section */

/* Begin PBXFileSystemSynchronizedRootGroup section */
		AA2578A42F3EDF5B00B02226 /* ai app */ = {
			isa = PBXFileSystemSynchronizedRootGroup;
			path = "ai app";
			sourceTree = "<group>";
		};
		AA2578B22F3EDF5D00B02226 /* ai appTests */ = {
			isa = PBXFileSystemSynchronizedRootGroup;
			path = "ai appTests";
			sourceTree = "<group>";
		};
		AA2578BC2F3EDF5D00B02226 /* ai appUITests */ = {
			isa = PBXFileSystemSynchronizedRootGroup;
			path = "ai appUITests";
			sourceTree = "<group>";
		};
		AB0000012F3EDF5D00B02226 /* ai-monitor */ = {
			isa = PBXFileSystemSynchronizedRootGroup;
			path = "ai-monitor";
			sourceTree = "<group>";
		};
/* End PBXFileSystemSynchronizedRootGroup section */

/* Begin PBXFrameworksBuildPhase section */
		AA25789F2F3EDF5B00B02226 /* Frameworks */ = {
			isa = PBXFrameworksBuildPhase;
			buildActionMask = 2147483647;
			files = (
			);
			runOnlyForDeploymentPostprocessing = 0;
		};
		AA2578AC2F3EDF5D00B02226 /* Frameworks */ = {
			isa = PBXFrameworksBuildPhase;
			buildActionMask = 2147483647;
			files = (
			);
			runOnlyForDeploymentPostprocessing = 0;
		};
		AA2578B62F3EDF5D00B02226 /* Frameworks */ = {
			isa = PBXFrameworksBuildPhase;
			buildActionMask = 2147483647;
			files = (
			);
			runOnlyForDeploymentPostprocessing = 0;
		};
/* End PBXFrameworksBuildPhase section */

/* Begin PBXGroup section */
		AA2578992F3EDF5B00B02226 = {
			isa = PBXGroup;
			children = (
				AA2578A42F3EDF5B00B02226 /* ai app */,
				AA2578B22F3EDF5D00B02226 /* ai appTests */,
				AA2578BC2F3EDF5D00B02226 /* ai appUITests */,
				AB0000012F3EDF5D00B02226 /* ai-monitor */,
				AA2578A32F3EDF5B00B02226 /* Products */,
			);
			sourceTree = "<group>";
		};
		AA2578A32F3EDF5B00B02226 /* Products */ = {
			isa = PBXGroup;
			children = (
				AA2578A22F3EDF5B00B02226 /* ai app.app */,
				AA2578AF2F3EDF5D00B02226 /* ai appTests.xctest */,
				AA2578B92F3EDF5D00B02226 /* ai appUITests.xctest */,
			);
			name = Products;
			sourceTree = "<group>";
		};
/* End PBXGroup section */

/* Begin PBXNativeTarget section */
		AA2578A12F3EDF5B00B02226 /* ai app */ = {
			isa = PBXNativeTarget;
			buildConfigurationList = AA2578C32F3EDF5D00B02226 /* Build configuration list for PBXNativeTarget "ai app" */;
			buildPhases = (
				AA25789E2F3EDF5B00B02226 /* Sources */,
				AA25789F2F3EDF5B00B02226 /* Frameworks */,
				AA2578A02F3EDF5B00B02226 /* Resources */,
			);
			buildRules = (
			);
			dependencies = (
			);
			fileSystemSynchronizedGroups = (
				AA2578A42F3EDF5B00B02226 /* ai app */,
			);
			name = "ai app";
			packageProductDependencies = (
			);
			productName = "ai app";
			productReference = AA2578A22F3EDF5B00B02226 /* ai app.app */;
			productType = "com.apple.product-type.application";
		};
		AA2578AE2F3EDF5D00B02226 /* ai appTests */ = {
			isa = PBXNativeTarget;
			buildConfigurationList = AA2578C62F3EDF5D00B02226 /* Build configuration list for PBXNativeTarget "ai appTests" */;
			buildPhases = (
				AA2578AB2F3EDF5D00B02226 /* Sources */,
				AA2578AC2F3EDF5D00B02226 /* Frameworks */,
				AA2578AD2F3EDF5D00B02226 /* Resources */,
			);
			buildRules = (
			);
			dependencies = (
				AA2578B12F3EDF5D00B02226 /* PBXTargetDependency */,
			);
			fileSystemSynchronizedGroups = (
				AA2578B22F3EDF5D00B02226 /* ai appTests */,
			);
			name = "ai appTests";
			packageProductDependencies = (
			);
			productName = "ai appTests";
			productReference = AA2578AF2F3EDF5D00B02226 /* ai appTests.xctest */;
			productType = "com.apple.product-type.bundle.unit-test";
		};
		AA2578B82F3EDF5D00B02226 /* ai appUITests */ = {
			isa = PBXNativeTarget;
			buildConfigurationList = AA2578C92F3EDF5D00B02226 /* Build configuration list for PBXNativeTarget "ai appUITests" */;
			buildPhases = (
				AA2578B52F3EDF5D00B02226 /* Sources */,
				AA2578B62F3EDF5D00B02226 /* Frameworks */,
				AA2578B72F3EDF5D00B02226 /* Resources */,
			);
			buildRules = (
			);
			dependencies = (
				AA2578BB2F3EDF5D00B02226 /* PBXTargetDependency */,
			);
			fileSystemSynchronizedGroups = (
				AA2578BC2F3EDF5D00B02226 /* ai appUITests */,
			);
			name = "ai appUITests";
			packageProductDependencies = (
			);
			productName = "ai appUITests";
			productReference = AA2578B92F3EDF5D00B02226 /* ai appUITests.xctest */;
			productType = "com.apple.product-type.bundle.ui-testing";
		};
/* End PBXNativeTarget section */

/* Begin PBXProject section */
		AA25789A2F3EDF5B00B02226 /* Project object */ = {
			isa = PBXProject;
			attributes = {
				BuildIndependentTargetsInParallel = 1;
				LastSwiftUpdateCheck = 2620;
				LastUpgradeCheck = 2620;
				TargetAttributes = {
					AA2578A12F3EDF5B00B02226 = {
						CreatedOnToolsVersion = 26.2;
					};
					AA2578AE2F3EDF5D00B02226 = {
						CreatedOnToolsVersion = 26.2;
						TestTargetID = AA2578A12F3EDF5B00B02226;
					};
					AA2578B82F3EDF5D00B02226 = {
						CreatedOnToolsVersion = 26.2;
						TestTargetID = AA2578A12F3EDF5B00B02226;
					};
				};
			};
			buildConfigurationList = AA25789D2F3EDF5B00B02226 /* Build configuration list for PBXProject "ai app" */;
			developmentRegion = en;
			hasScannedForEncodings = 0;
			knownRegions = (
				en,
				Base,
			);
			mainGroup = AA2578992F3EDF5B00B02226;
			minimizedProjectReferenceProxies = 1;
			preferredProjectObjectVersion = 77;
			productRefGroup = AA2578A32F3EDF5B00B02226 /* Products */;
			projectDirPath = "";
			projectRoot = "";
			targets = (
				AA2578A12F3EDF5B00B02226 /* ai app */,
				AA2578AE2F3EDF5D00B02226 /* ai appTests */,
				AA2578B82F3EDF5D00B02226 /* ai appUITests */,
			);
		};
/* End PBXProject section */

/* Begin PBXResourcesBuildPhase section */
		AA2578A02F3EDF5B00B02226 /* Resources */ = {
			isa = PBXResourcesBuildPhase;
			buildActionMask = 2147483647;
			files = (
			);
			runOnlyForDeploymentPostprocessing = 0;
		};
		AA2578AD2F3EDF5D00B02226 /* Resources */ = {
			isa = PBXResourcesBuildPhase;
			buildActionMask = 2147483647;
			files = (
			);
			runOnlyForDeploymentPostprocessing = 0;
		};
		AA2578B72F3EDF5D00B02226 /* Resources */ = {
			isa = PBXResourcesBuildPhase;
			buildActionMask = 2147483647;
			files = (
			);
			runOnlyForDeploymentPostprocessing = 0;
		};
/* End PBXResourcesBuildPhase section */

/* Begin PBXSourcesBuildPhase section */
		AA25789E2F3EDF5B00B02226 /* Sources */ = {
			isa = PBXSourcesBuildPhase;
			buildActionMask = 2147483647;
			files = (
			);
			runOnlyForDeploymentPostprocessing = 0;
		};
		AA2578AB2F3EDF5D00B02226 /* Sources */ = {
			isa = PBXSourcesBuildPhase;
			buildActionMask = 2147483647;
			files = (
			);
			runOnlyForDeploymentPostprocessing = 0;
		};
		AA2578B52F3EDF5D00B02226 /* Sources */ = {
			isa = PBXSourcesBuildPhase;
			buildActionMask = 2147483647;
			files = (
			);
			runOnlyForDeploymentPostprocessing = 0;
		};
/* End PBXSourcesBuildPhase section */

/* Begin PBXTargetDependency section */
		AA2578B12F3EDF5D00B02226 /* PBXTargetDependency */ = {
			isa = PBXTargetDependency;
			target = AA2578A12F3EDF5B00B02226 /* ai app */;
			targetProxy = AA2578B02F3EDF5D00B02226 /* PBXContainerItemProxy */;
		};
		AA2578BB2F3EDF5D00B02226 /* PBXTargetDependency */ = {
			isa = PBXTargetDependency;
			target = AA2578A12F3EDF5B00B02226 /* ai app */;
			targetProxy = AA2578BA2F3EDF5D00B02226 /* PBXContainerItemProxy */;
		};
/* End PBXTargetDependency section */

/* Begin XCBuildConfiguration section */
		AA2578C12F3EDF5D00B02226 /* Debug */ = {
			isa = XCBuildConfiguration;
			buildSettings = {
				ALWAYS_SEARCH_USER_PATHS = NO;
				ASSETCATALOG_COMPILER_GENERATE_SWIFT_ASSET_SYMBOL_EXTENSIONS = YES;
				CLANG_ANALYZER_NONNULL = YES;
				CLANG_ANALYZER_NUMBER_OBJECT_CONVERSION = YES_AGGRESSIVE;
				CLANG_CXX_LANGUAGE_STANDARD = "gnu++20";
				CLANG_ENABLE_MODULES = YES;
				CLANG_ENABLE_OBJC_ARC = YES;
				CLANG_ENABLE_OBJC_WEAK = YES;
				CLANG_WARN_BLOCK_CAPTURE_AUTORELEASING = YES;
				CLANG_WARN_BOOL_CONVERSION = YES;
				CLANG_WARN_COMMA = YES;
				CLANG_WARN_CONSTANT_CONVERSION = YES;
				CLANG_WARN_DEPRECATED_OBJC_IMPLEMENTATIONS = YES;
				CLANG_WARN_DIRECT_OBJC_ISA_USAGE = YES_ERROR;
				CLANG_WARN_DOCUMENTATION_COMMENTS = YES;
				CLANG_WARN_EMPTY_BODY = YES;
				CLANG_WARN_ENUM_CONVERSION = YES;
				CLANG_WARN_INFINITE_RECURSION = YES;
				CLANG_WARN_INT_CONVERSION = YES;
				CLANG_WARN_NON_LITERAL_NULL_CONVERSION = YES;
				CLANG_WARN_OBJC_IMPLICIT_RETAIN_SELF = YES;
				CLANG_WARN_OBJC_LITERAL_CONVERSION = YES;
				CLANG_WARN_OBJC_ROOT_CLASS = YES_ERROR;
				CLANG_WARN_QUOTED_INCLUDE_IN_FRAMEWORK_HEADER = YES;
				CLANG_WARN_RANGE_LOOP_ANALYSIS = YES;
				CLANG_WARN_STRICT_PROTOTYPES = YES;
				CLANG_WARN_SUSPICIOUS_MOVE = YES;
				CLANG_WARN_UNGUARDED_AVAILABILITY = YES_AGGRESSIVE;
				CLANG_WARN_UNREACHABLE_CODE = YES;
				CLANG_WARN__DUPLICATE_METHOD_MATCH = YES;
				COPY_PHASE_STRIP = NO;
				DEBUG_INFORMATION_FORMAT = dwarf;
				ENABLE_STRICT_OBJC_MSGSEND = YES;
				ENABLE_TESTABILITY = YES;
				ENABLE_USER_SCRIPT_SANDBOXING = YES;
				GCC_C_LANGUAGE_STANDARD = gnu17;
				GCC_DYNAMIC_NO_PIC = NO;
				GCC_NO_COMMON_BLOCKS = YES;
				GCC_OPTIMIZATION_LEVEL = 0;
				GCC_PREPROCESSOR_DEFINITIONS = (
					"DEBUG=1",
					"$(inherited)",
				);
				GCC_WARN_64_TO_32_BIT_CONVERSION = YES;
				GCC_WARN_ABOUT_RETURN_TYPE = YES_ERROR;
				GCC_WARN_UNDECLARED_SELECTOR = YES;
				GCC_WARN_UNINITIALIZED_AUTOS = YES_AGGRESSIVE;
				GCC_WARN_UNUSED_FUNCTION = YES;
				GCC_WARN_UNUSED_VARIABLE = YES;
				LOCALIZATION_PREFERS_STRING_CATALOGS = YES;
				MACOSX_DEPLOYMENT_TARGET = 26.2;
				MTL_ENABLE_DEBUG_INFO = INCLUDE_SOURCE;
				MTL_FAST_MATH = YES;
				ONLY_ACTIVE_ARCH = YES;
				SDKROOT = macosx;
				SWIFT_ACTIVE_COMPILATION_CONDITIONS = "DEBUG $(inherited)";
				SWIFT_OPTIMIZATION_LEVEL = "-Onone";
			};
			name = Debug;
		};
		AA2578C22F3EDF5D00B02226 /* Release */ = {
			isa = XCBuildConfiguration;
			buildSettings = {
				ALWAYS_SEARCH_USER_PATHS = NO;
				ASSETCATALOG_COMPILER_GENERATE_SWIFT_ASSET_SYMBOL_EXTENSIONS = YES;
				CLANG_ANALYZER_NONNULL = YES;
				CLANG_ANALYZER_NUMBER_OBJECT_CONVERSION = YES_AGGRESSIVE;
				CLANG_CXX_LANGUAGE_STANDARD = "gnu++20";
				CLANG_ENABLE_MODULES = YES;
				CLANG_ENABLE_OBJC_ARC = YES;
				CLANG_ENABLE_OBJC_WEAK = YES;
				CLANG_WARN_BLOCK_CAPTURE_AUTORELEASING = YES;
				CLANG_WARN_BOOL_CONVERSION = YES;
				CLANG_WARN_COMMA = YES;
				CLANG_WARN_CONSTANT_CONVERSION = YES;
				CLANG_WARN_DEPRECATED_OBJC_IMPLEMENTATIONS = YES;
				CLANG_WARN_DIRECT_OBJC_ISA_USAGE = YES_ERROR;
				CLANG_WARN_DOCUMENTATION_COMMENTS = YES;
				CLANG_WARN_EMPTY_BODY = YES;
				CLANG_WARN_ENUM_CONVERSION = YES;
				CLANG_WARN_INFINITE_RECURSION = YES;
				CLANG_WARN_INT_CONVERSION = YES;
				CLANG_WARN_NON_LITERAL_NULL_CONVERSION = YES;
				CLANG_WARN_OBJC_IMPLICIT_RETAIN_SELF = YES;
				CLANG_WARN_OBJC_LITERAL_CONVERSION = YES;
				CLANG_WARN_OBJC_ROOT_CLASS = YES_ERROR;
				CLANG_WARN_QUOTED_INCLUDE_IN_FRAMEWORK_HEADER = YES;
				CLANG_WARN_RANGE_LOOP_ANALYSIS = YES;
				CLANG_WARN_STRICT_PROTOTYPES = YES;
				CLANG_WARN_SUSPICIOUS_MOVE = YES;
				CLANG_WARN_UNGUARDED_AVAILABILITY = YES_AGGRESSIVE;
				CLANG_WARN_UNREACHABLE_CODE = YES;
				CLANG_WARN__DUPLICATE_METHOD_MATCH = YES;
				COPY_PHASE_STRIP = NO;
				DEBUG_INFORMATION_FORMAT = "dwarf-with-dsym";
				ENABLE_NS_ASSERTIONS = NO;
				ENABLE_STRICT_OBJC_MSGSEND = YES;
				ENABLE_USER_SCRIPT_SANDBOXING = YES;
				GCC_C_LANGUAGE_STANDARD = gnu17;
				GCC_NO_COMMON_BLOCKS = YES;
				GCC_WARN_64_TO_32_BIT_CONVERSION = YES;
				GCC_WARN_ABOUT_RETURN_TYPE = YES_ERROR;
				GCC_WARN_UNDECLARED_SELECTOR = YES;
				GCC_WARN_UNINITIALIZED_AUTOS = YES_AGGRESSIVE;
				GCC_WARN_UNUSED_FUNCTION = YES;
				GCC_WARN_UNUSED_VARIABLE = YES;
				LOCALIZATION_PREFERS_STRING_CATALOGS = YES;
				MACOSX_DEPLOYMENT_TARGET = 26.2;
				MTL_ENABLE_DEBUG_INFO = NO;
				MTL_FAST_MATH = YES;
				SDKROOT = macosx;
				SWIFT_COMPILATION_MODE = wholemodule;
			};
			name = Release;
		};
		AA2578C42F3EDF5D00B02226 /* Debug */ = {
			isa = XCBuildConfiguration;
			buildSettings = {
				ASSETCATALOG_COMPILER_APPICON_NAME = AppIcon;
				ASSETCATALOG_COMPILER_GLOBAL_ACCENT_COLOR_NAME = AccentColor;
				ASSETCATALOG_COMPILER_INCLUDE_ALL_APPICON_ASSETS = YES;
				CODE_SIGN_STYLE = Automatic;
				COMBINE_HIDPI_IMAGES = YES;
				CURRENT_PROJECT_VERSION = 1;
				ENABLE_APP_SANDBOX = NO;
				ENABLE_PREVIEWS = YES;
				ENABLE_USER_SELECTED_FILES = readonly;
				GENERATE_INFOPLIST_FILE = YES;
				INFOPLIST_FILE = "ai app/Info.plist";
				INFOPLIST_KEY_CFBundleDisplayName = Daily;
				INFOPLIST_KEY_NSHumanReadableCopyright = "";
				LD_RUNPATH_SEARCH_PATHS = (
					"$(inherited)",
					"@executable_path/../Frameworks",
				);
				MARKETING_VERSION = 1.0;
				PRODUCT_BUNDLE_IDENTIFIER = "fastq.ai-app";
				PRODUCT_NAME = Daily;
				REGISTER_APP_GROUPS = YES;
				STRING_CATALOG_GENERATE_SYMBOLS = YES;
				SWIFT_APPROACHABLE_CONCURRENCY = YES;
				SWIFT_DEFAULT_ACTOR_ISOLATION = MainActor;
				SWIFT_EMIT_LOC_STRINGS = YES;
				SWIFT_UPCOMING_FEATURE_MEMBER_IMPORT_VISIBILITY = YES;
				SWIFT_VERSION = 5.0;
			};
			name = Debug;
		};
		AA2578C52F3EDF5D00B02226 /* Release */ = {
			isa = XCBuildConfiguration;
			buildSettings = {
				ASSETCATALOG_COMPILER_APPICON_NAME = AppIcon;
				ASSETCATALOG_COMPILER_GLOBAL_ACCENT_COLOR_NAME = AccentColor;
				ASSETCATALOG_COMPILER_INCLUDE_ALL_APPICON_ASSETS = YES;
				CODE_SIGN_STYLE = Automatic;
				COMBINE_HIDPI_IMAGES = YES;
				CURRENT_PROJECT_VERSION = 1;
				ENABLE_APP_SANDBOX = NO;
				ENABLE_PREVIEWS = YES;
				ENABLE_USER_SELECTED_FILES = readonly;
				GENERATE_INFOPLIST_FILE = YES;
				INFOPLIST_FILE = "ai app/Info.plist";
				INFOPLIST_KEY_CFBundleDisplayName = Daily;
				INFOPLIST_KEY_NSHumanReadableCopyright = "";
				LD_RUNPATH_SEARCH_PATHS = (
					"$(inherited)",
					"@executable_path/../Frameworks",
				);
				MARKETING_VERSION = 1.0;
				PRODUCT_BUNDLE_IDENTIFIER = "fastq.ai-app";
				PRODUCT_NAME = Daily;
				REGISTER_APP_GROUPS = YES;
				STRING_CATALOG_GENERATE_SYMBOLS = YES;
				SWIFT_APPROACHABLE_CONCURRENCY = YES;
				SWIFT_DEFAULT_ACTOR_ISOLATION = MainActor;
				SWIFT_EMIT_LOC_STRINGS = YES;
				SWIFT_UPCOMING_FEATURE_MEMBER_IMPORT_VISIBILITY = YES;
				SWIFT_VERSION = 5.0;
			};
			name = Release;
		};
		AA2578C72F3EDF5D00B02226 /* Debug */ = {
			isa = XCBuildConfiguration;
			buildSettings = {
				BUNDLE_LOADER = "$(TEST_HOST)";
				CODE_SIGN_STYLE = Automatic;
				CURRENT_PROJECT_VERSION = 1;
				GENERATE_INFOPLIST_FILE = YES;
				MACOSX_DEPLOYMENT_TARGET = 26.2;
				MARKETING_VERSION = 1.0;
				PRODUCT_BUNDLE_IDENTIFIER = "fastq.ai-appTests";
				PRODUCT_NAME = "$(TARGET_NAME)";
				STRING_CATALOG_GENERATE_SYMBOLS = NO;
				SWIFT_APPROACHABLE_CONCURRENCY = YES;
				SWIFT_EMIT_LOC_STRINGS = NO;
				SWIFT_UPCOMING_FEATURE_MEMBER_IMPORT_VISIBILITY = YES;
				SWIFT_VERSION = 5.0;
				TEST_HOST = "$(BUILT_PRODUCTS_DIR)/Daily.app/$(BUNDLE_EXECUTABLE_FOLDER_PATH)/Daily";
			};
			name = Debug;
		};
		AA2578C82F3EDF5D00B02226 /* Release */ = {
			isa = XCBuildConfiguration;
			buildSettings = {
				BUNDLE_LOADER = "$(TEST_HOST)";
				CODE_SIGN_STYLE = Automatic;
				CURRENT_PROJECT_VERSION = 1;
				GENERATE_INFOPLIST_FILE = YES;
				MACOSX_DEPLOYMENT_TARGET = 26.2;
				MARKETING_VERSION = 1.0;
				PRODUCT_BUNDLE_IDENTIFIER = "fastq.ai-appTests";
				PRODUCT_NAME = "$(TARGET_NAME)";
				STRING_CATALOG_GENERATE_SYMBOLS = NO;
				SWIFT_APPROACHABLE_CONCURRENCY = YES;
				SWIFT_EMIT_LOC_STRINGS = NO;
				SWIFT_UPCOMING_FEATURE_MEMBER_IMPORT_VISIBILITY = YES;
				SWIFT_VERSION = 5.0;
				TEST_HOST = "$(BUILT_PRODUCTS_DIR)/Daily.app/$(BUNDLE_EXECUTABLE_FOLDER_PATH)/Daily";
			};
			name = Release;
		};
		AA2578CA2F3EDF5D00B02226 /* Debug */ = {
			isa = XCBuildConfiguration;
			buildSettings = {
				CODE_SIGN_STYLE = Automatic;
				CURRENT_PROJECT_VERSION = 1;
				GENERATE_INFOPLIST_FILE = YES;
				MARKETING_VERSION = 1.0;
				PRODUCT_BUNDLE_IDENTIFIER = "fastq.ai-appUITests";
				PRODUCT_NAME = "$(TARGET_NAME)";
				STRING_CATALOG_GENERATE_SYMBOLS = NO;
				SWIFT_APPROACHABLE_CONCURRENCY = YES;
				SWIFT_EMIT_LOC_STRINGS = NO;
				SWIFT_UPCOMING_FEATURE_MEMBER_IMPORT_VISIBILITY = YES;
				SWIFT_VERSION = 5.0;
				TEST_TARGET_NAME = "ai app";
			};
			name = Debug;
		};
		AA2578CB2F3EDF5D00B02226 /* Release */ = {
			isa = XCBuildConfiguration;
			buildSettings = {
				CODE_SIGN_STYLE = Automatic;
				CURRENT_PROJECT_VERSION = 1;
				GENERATE_INFOPLIST_FILE = YES;
				MARKETING_VERSION = 1.0;
				PRODUCT_BUNDLE_IDENTIFIER = "fastq.ai-appUITests";
				PRODUCT_NAME = "$(TARGET_NAME)";
				STRING_CATALOG_GENERATE_SYMBOLS = NO;
				SWIFT_APPROACHABLE_CONCURRENCY = YES;
				SWIFT_EMIT_LOC_STRINGS = NO;
				SWIFT_UPCOMING_FEATURE_MEMBER_IMPORT_VISIBILITY = YES;
				SWIFT_VERSION = 5.0;
				TEST_TARGET_NAME = "ai app";
			};
			name = Release;
		};
/* End XCBuildConfiguration section */

/* Begin XCConfigurationList section */
		AA25789D2F3EDF5B00B02226 /* Build configuration list for PBXProject "ai app" */ = {
			isa = XCConfigurationList;
			buildConfigurations = (
				AA2578C12F3EDF5D00B02226 /* Debug */,
				AA2578C22F3EDF5D00B02226 /* Release */,
			);
			defaultConfigurationIsVisible = 0;
			defaultConfigurationName = Release;
		};
		AA2578C32F3EDF5D00B02226 /* Build configuration list for PBXNativeTarget "ai app" */ = {
			isa = XCConfigurationList;
			buildConfigurations = (
				AA2578C42F3EDF5D00B02226 /* Debug */,
				AA2578C52F3EDF5D00B02226 /* Release */,
			);
			defaultConfigurationIsVisible = 0;
			defaultConfigurationName = Release;
		};
		AA2578C62F3EDF5D00B02226 /* Build configuration list for PBXNativeTarget "ai appTests" */ = {
			isa = XCConfigurationList;
			buildConfigurations = (
				AA2578C72F3EDF5D00B02226 /* Debug */,
				AA2578C82F3EDF5D00B02226 /* Release */,
			);
			defaultConfigurationIsVisible = 0;
			defaultConfigurationName = Release;
		};
		AA2578C92F3EDF5D00B02226 /* Build configuration list for PBXNativeTarget "ai appUITests" */ = {
			isa = XCConfigurationList;
			buildConfigurations = (
				AA2578CA2F3EDF5D00B02226 /* Debug */,
				AA2578CB2F3EDF5D00B02226 /* Release */,
			);
			defaultConfigurationIsVisible = 0;
			defaultConfigurationName = Release;
		};
/* End XCConfigurationList section */
	};
	rootObject = AA25789A2F3EDF5B00B02226 /* Project object */;
}
